
Microsoft Visual Studio Solution File, Format Version 12.00
# Visual Studio Version 16
VisualStudioVersion = 16.0.29709.97
MinimumVisualStudioVersion = 10.0.40219.1
Project("{FAE04EC0-301F-11D3-BF4B-00C04F79EFBC}") = "work_8IT", "work_8IT\work_8IT.csproj", "{21E57D21-150E-4498-ABAD-B9AB702B212F}"
EndProject
Global
	GlobalSection(SolutionConfigurationPlatforms) = preSolution
		Debug|Any CPU = Debug|Any CPU
		Release|Any CPU = Release|Any CPU
	EndGlobalSection
	GlobalSection(ProjectConfigurationPlatforms) = postSolution
		{21E57D21-150E-4498-ABAD-B9AB702B212F}.Debug|Any CPU.ActiveCfg = Debug|Any CPU
		{21E57D21-150E-4498-ABAD-B9AB702B212F}.Debug|Any CPU.Build.0 = Debug|Any CPU
		{21E57D21-150E-4498-ABAD-B9AB702B212F}.Release|Any CPU.ActiveCfg = Release|Any CPU
		{21E57D21-150E-4498-ABAD-B9AB702B212F}.Release|Any CPU.Build.0 = Release|Any CPU
	EndGlobalSection
	GlobalSection(SolutionProperties) = preSolution
		HideSolutionNode = FALSE
	EndGlobalSection
	GlobalSection(ExtensibilityGlobals) = postSolution
		SolutionGuid = {D95E221D-3E3E-4E8B-88DD-5F885F0A8EFB}
	EndGlobalSection
EndGlobal
