
Microsoft Visual Studio Solution File, Format Version 12.00
# Visual Studio Version 16
VisualStudioVersion = 16.0.31112.23
MinimumVisualStudioVersion = 10.0.40219.1
Project("{FAE04EC0-301F-11D3-BF4B-00C04F79EFBC}") = "work_12", "work_12\work_12.csproj", "{7E95C5A9-B5E7-4824-BE05-A525DF77586C}"
EndProject
Global
	GlobalSection(SolutionConfigurationPlatforms) = preSolution
		Debug|Any CPU = Debug|Any CPU
		Release|Any CPU = Release|Any CPU
	EndGlobalSection
	GlobalSection(ProjectConfigurationPlatforms) = postSolution
		{7E95C5A9-B5E7-4824-BE05-A525DF77586C}.Debug|Any CPU.ActiveCfg = Debug|Any CPU
		{7E95C5A9-B5E7-4824-BE05-A525DF77586C}.Debug|Any CPU.Build.0 = Debug|Any CPU
		{7E95C5A9-B5E7-4824-BE05-A525DF77586C}.Release|Any CPU.ActiveCfg = Release|Any CPU
		{7E95C5A9-B5E7-4824-BE05-A525DF77586C}.Release|Any CPU.Build.0 = Release|Any CPU
	EndGlobalSection
	GlobalSection(SolutionProperties) = preSolution
		HideSolutionNode = FALSE
	EndGlobalSection
	GlobalSection(ExtensibilityGlobals) = postSolution
		SolutionGuid = {32D31181-2057-4ADF-BE66-F86928AF774A}
	EndGlobalSection
EndGlobal
