
Microsoft Visual Studio Solution File, Format Version 12.00
# Visual Studio Version 16
VisualStudioVersion = 16.0.31112.23
MinimumVisualStudioVersion = 10.0.40219.1
Project("{FAE04EC0-301F-11D3-BF4B-00C04F79EFBC}") = "IT_Practika_12", "IT_Practika_12\IT_Practika_12.csproj", "{40443B01-E07C-4451-BDBE-CB2C7EE0C453}"
EndProject
Global
	GlobalSection(SolutionConfigurationPlatforms) = preSolution
		Debug|Any CPU = Debug|Any CPU
		Release|Any CPU = Release|Any CPU
	EndGlobalSection
	GlobalSection(ProjectConfigurationPlatforms) = postSolution
		{40443B01-E07C-4451-BDBE-CB2C7EE0C453}.Debug|Any CPU.ActiveCfg = Debug|Any CPU
		{40443B01-E07C-4451-BDBE-CB2C7EE0C453}.Debug|Any CPU.Build.0 = Debug|Any CPU
		{40443B01-E07C-4451-BDBE-CB2C7EE0C453}.Release|Any CPU.ActiveCfg = Release|Any CPU
		{40443B01-E07C-4451-BDBE-CB2C7EE0C453}.Release|Any CPU.Build.0 = Release|Any CPU
	EndGlobalSection
	GlobalSection(SolutionProperties) = preSolution
		HideSolutionNode = FALSE
	EndGlobalSection
	GlobalSection(ExtensibilityGlobals) = postSolution
		SolutionGuid = {B520D3F2-521F-45DA-A474-622C3D26952E}
	EndGlobalSection
EndGlobal
